
Microsoft Visual Studio Solution File, Format Version 12.00
# Visual Studio Version 16
VisualStudioVersion = 16.0.31129.286
MinimumVisualStudioVersion = 10.0.40219.1
Project("{FAE04EC0-301F-11D3-BF4B-00C04F79EFBC}") = "ConsoleAppTr", "ConsoleAppTr.csproj", "{D061D8F7-859E-44EB-80F9-41570CC9DE31}"
EndProject
Project("{FAE04EC0-301F-11D3-BF4B-00C04F79EFBC}") = "Treaap", "..\Treaap\Treaap.csproj", "{F412C057-995F-4009-86F1-91DC44BAE28C}"
EndProject
Project("{FAE04EC0-301F-11D3-BF4B-00C04F79EFBC}") = "Test", "..\Test\Test.csproj", "{07212FC8-015A-46DC-B621-CF53B74B0DB0}"
EndProject
Global
	GlobalSection(SolutionConfigurationPlatforms) = preSolution
		Debug|Any CPU = Debug|Any CPU
		Release|Any CPU = Release|Any CPU
	EndGlobalSection
	GlobalSection(ProjectConfigurationPlatforms) = postSolution
		{D061D8F7-859E-44EB-80F9-41570CC9DE31}.Debug|Any CPU.ActiveCfg = Debug|Any CPU
		{D061D8F7-859E-44EB-80F9-41570CC9DE31}.Debug|Any CPU.Build.0 = Debug|Any CPU
		{D061D8F7-859E-44EB-80F9-41570CC9DE31}.Release|Any CPU.ActiveCfg = Release|Any CPU
		{D061D8F7-859E-44EB-80F9-41570CC9DE31}.Release|Any CPU.Build.0 = Release|Any CPU
		{F412C057-995F-4009-86F1-91DC44BAE28C}.Debug|Any CPU.ActiveCfg = Debug|Any CPU
		{F412C057-995F-4009-86F1-91DC44BAE28C}.Debug|Any CPU.Build.0 = Debug|Any CPU
		{F412C057-995F-4009-86F1-91DC44BAE28C}.Release|Any CPU.ActiveCfg = Release|Any CPU
		{F412C057-995F-4009-86F1-91DC44BAE28C}.Release|Any CPU.Build.0 = Release|Any CPU
		{07212FC8-015A-46DC-B621-CF53B74B0DB0}.Debug|Any CPU.ActiveCfg = Debug|Any CPU
		{07212FC8-015A-46DC-B621-CF53B74B0DB0}.Debug|Any CPU.Build.0 = Debug|Any CPU
		{07212FC8-015A-46DC-B621-CF53B74B0DB0}.Release|Any CPU.ActiveCfg = Release|Any CPU
		{07212FC8-015A-46DC-B621-CF53B74B0DB0}.Release|Any CPU.Build.0 = Release|Any CPU
	EndGlobalSection
	GlobalSection(SolutionProperties) = preSolution
		HideSolutionNode = FALSE
	EndGlobalSection
	GlobalSection(ExtensibilityGlobals) = postSolution
		SolutionGuid = {E46ADAAD-ECE8-4B38-AFBB-77ECBAD024DD}
	EndGlobalSection
EndGlobal
